schema: '2.0'
stages:
  data_collection:
    cmd: python src/data/data_collection.py
    deps:
    - path: src/data/data_collection.py
      hash: md5
      md5: 440ace904c2cffd0e79451a5a3de628b
      size: 2086
    params:
      params.yaml:
        base.random_state: 42
        data_collection.test_size: 0.2
    outs:
    - path: data/raw
      hash: md5
      md5: c0c2d65c14a603e91e029fda3c344a5c.dir
      size: 522262
      nfiles: 2
  pre_preprocessing:
    cmd: python src/data/data_prep.py
    deps:
    - path: data/raw
      hash: md5
      md5: c0c2d65c14a603e91e029fda3c344a5c.dir
      size: 522262
      nfiles: 2
    - path: src/data/data_prep.py
      hash: md5
      md5: 142cd693e9165ec121bb8097622733c6
      size: 2442
    outs:
    - path: data/processed
      hash: md5
      md5: ec4643061b31abf33edea75460e8808a.dir
      size: 547045
      nfiles: 2
    - path: models/imputer.pkl
      hash: md5
      md5: c6447af805862b006837496214b1c9ed
      size: 192
  model_building:
    cmd: python src/model/model_building.py
    deps:
    - path: data/processed
      hash: md5
      md5: ec4643061b31abf33edea75460e8808a.dir
      size: 547045
      nfiles: 2
    - path: src/model/model_building.py
      hash: md5
      md5: 89f28575f7f381ffdf87ee0f736dcaac
      size: 2347
    params:
      params.yaml:
        base.random_state: 42
        model_building.n_estimators: 100
    outs:
    - path: models/model.pkl
      hash: md5
      md5: b1d541b3f705e0699a3bd3b07e779a96
      size: 7342381
  model_eval:
    cmd: python src/model/model_eval.py
    deps:
    - path: data/processed
      hash: md5
      md5: ec4643061b31abf33edea75460e8808a.dir
      size: 547045
      nfiles: 2
    - path: models/model.pkl
      hash: md5
      md5: b1d541b3f705e0699a3bd3b07e779a96
      size: 7342381
    - path: src/model/model_eval.py
      hash: md5
      md5: d717236c8bf4df756f8286be6a67ea69
      size: 2690
    outs:
    - path: reports/metrics.json
      hash: md5
      md5: ee6e8ab99ed17709e1dd07479ab1a449
      size: 148
  model_comparison:
    cmd: python src/model/model_comparison.py
    deps:
    - path: data/processed
      hash: md5
      md5: ec4643061b31abf33edea75460e8808a.dir
      size: 547045
      nfiles: 2
    - path: models/model.pkl
      hash: md5
      md5: b1d541b3f705e0699a3bd3b07e779a96
      size: 7342381
    - path: src/model/model_comparison.py
      hash: md5
      md5: 91af21f2007e03f12a00e82f57e91eb1
      size: 5969
    params:
      params.yaml:
        base.random_state: 42
        model_building.n_estimators: 100
    outs:
    - path: reports/figures/model_comparison.png
      hash: md5
      md5: 469ce6c9809b872b9913cac9254210fe
      size: 48156
    - path: reports/model_comparison.json
      hash: md5
      md5: 1fb4520af454ef2b128ce6d4c993abb9
      size: 425
  visualization:
    cmd: python src/visualization/visualize.py
    deps:
    - path: data/processed
      hash: md5
      md5: ec4643061b31abf33edea75460e8808a.dir
      size: 547045
      nfiles: 2
    - path: src/visualization/visualize.py
      hash: md5
      md5: 322d2055cb176f5b574b80808dfff11d
      size: 5747
    outs:
    - path: reports/figures/boxplots.png
      hash: md5
      md5: 7db6b3264f7fe1c1548ba3c5b77b03ab
      size: 206283
    - path: reports/figures/correlation_heatmap.png
      hash: md5
      md5: ebe7497d6904671ddb3d2d392563fc21
      size: 190236
    - path: reports/figures/feature_distributions.png
      hash: md5
      md5: 2517e8897c5fb5a3689c96c564867fa6
      size: 195007
    - path: reports/figures/missing_values.png
      hash: md5
      md5: bd2f6a73b9f0ef7cc30651917e4bba1d
      size: 68054
