schema: '2.0'
stages:
  data_collection:
    cmd: python src/data/data_collection.py
    deps:
    - path: src/data/data_collection.py
      hash: md5
      md5: 8d095382c37ced67f9c25c7a651de4b9
      size: 2163
    params:
      params.yaml:
        base.random_state: 42
        data_collection.test_size: 0.2
    outs:
    - path: data/raw
      hash: md5
      md5: c0c2d65c14a603e91e029fda3c344a5c.dir
      size: 522262
      nfiles: 2
  pre_preprocessing:
    cmd: python src/data/data_prep.py
    deps:
    - path: data/raw
      hash: md5
      md5: c0c2d65c14a603e91e029fda3c344a5c.dir
      size: 522262
      nfiles: 2
    - path: src/data/data_prep.py
      hash: md5
      md5: 8e3a40593001f9ce4117d3b98ed56ec7
      size: 2520
    outs:
    - path: data/processed
      hash: md5
      md5: ec4643061b31abf33edea75460e8808a.dir
      size: 547045
      nfiles: 2
    - path: models/imputer.pkl
      hash: md5
      md5: e255cb74005e1a84dfdfdad9d91059a4
      size: 192
  model_building:
    cmd: python src/model/model_building.py
    deps:
    - path: data/processed
      hash: md5
      md5: ec4643061b31abf33edea75460e8808a.dir
      size: 547045
      nfiles: 2
    - path: src/model/model_building.py
      hash: md5
      md5: f15a29bc9a087580c009c9af99585f7d
      size: 2428
    params:
      params.yaml:
        base.random_state: 42
        model_building.n_estimators: 100
    outs:
    - path: models/model.pkl
      hash: md5
      md5: 18ab187ad437bbfb5a1cbc770b67b6f9
      size: 7344948
  model_eval:
    cmd: python src/model/model_eval.py
    deps:
    - path: data/processed
      hash: md5
      md5: ec4643061b31abf33edea75460e8808a.dir
      size: 547045
      nfiles: 2
    - path: models/model.pkl
      hash: md5
      md5: 18ab187ad437bbfb5a1cbc770b67b6f9
      size: 7344948
    - path: src/model/model_eval.py
      hash: md5
      md5: 979e3b835fb0fb98973b6cb1ea23e2ca
      size: 2788
    outs:
    - path: reports/metrics.json
      hash: md5
      md5: ee6e8ab99ed17709e1dd07479ab1a449
      size: 148
  model_comparison:
    cmd: python src/model/model_comparison.py
    deps:
    - path: data/processed
      hash: md5
      md5: ec4643061b31abf33edea75460e8808a.dir
      size: 547045
      nfiles: 2
    - path: models/model.pkl
      hash: md5
      md5: 18ab187ad437bbfb5a1cbc770b67b6f9
      size: 7344948
    - path: src/model/model_comparison.py
      hash: md5
      md5: 91af21f2007e03f12a00e82f57e91eb1
      size: 5969
    params:
      params.yaml:
        base.random_state: 42
        model_building.n_estimators: 100
    outs:
    - path: reports/figures/model_comparison.png
      hash: md5
      md5: 069d542222042cdb8071ca5d8182fb37
      size: 48221
    - path: reports/model_comparison.json
      hash: md5
      md5: 1fb4520af454ef2b128ce6d4c993abb9
      size: 425
  visualization:
    cmd: python src/visualization/visualize.py
    deps:
    - path: data/processed
      hash: md5
      md5: ec4643061b31abf33edea75460e8808a.dir
      size: 547045
      nfiles: 2
    - path: src/visualization/visualize.py
      hash: md5
      md5: 7733c9055043d677c10c315d45a785f2
      size: 5933
    outs:
    - path: reports/figures/boxplots.png
      hash: md5
      md5: c849af588dd5e70a6d72c15bf59d36ef
      size: 205978
    - path: reports/figures/correlation_heatmap.png
      hash: md5
      md5: 491dfaa271dece6571fdb17758068d56
      size: 190550
    - path: reports/figures/feature_distributions.png
      hash: md5
      md5: 94a9f300b5a2c31dc7f291e545564b04
      size: 194398
    - path: reports/figures/missing_values.png
      hash: md5
      md5: acb50b9786fbd2920b4d8cbdcd1ab52f
      size: 68083
